// !$*UTF8*$!
{
	archiveVersion = 1;
	classes = {
	};
	objectVersion = 50;
	objects = {

/* Begin PBXBuildFile section */
		5031A77B2618BAC9002740ED /* Tests_iOS.swift in Sources */ = {isa = PBXBuildFile; fileRef = 5031A77A2618BAC9002740ED /* Tests_iOS.swift */; };
		5031A7862618BAC9002740ED /* Tests_macOS.swift in Sources */ = {isa = PBXBuildFile; fileRef = 5031A7852618BAC9002740ED /* Tests_macOS.swift */; };
		5031A7882618BAC9002740ED /* Expendio.xcdatamodeld in Sources */ = {isa = PBXBuildFile; fileRef = 5031A75C2618BAC8002740ED /* Expendio.xcdatamodeld */; };
		5031A7892618BAC9002740ED /* Expendio.xcdatamodeld in Sources */ = {isa = PBXBuildFile; fileRef = 5031A75C2618BAC8002740ED /* Expendio.xcdatamodeld */; };
		5031A78A2618BAC9002740ED /* ExpendioApp.swift in Sources */ = {isa = PBXBuildFile; fileRef = 5031A75E2618BAC8002740ED /* ExpendioApp.swift */; };
		5031A78B2618BAC9002740ED /* ExpendioApp.swift in Sources */ = {isa = PBXBuildFile; fileRef = 5031A75E2618BAC8002740ED /* ExpendioApp.swift */; };
		5031A78C2618BAC9002740ED /* ContentView.swift in Sources */ = {isa = PBXBuildFile; fileRef = 5031A75F2618BAC8002740ED /* ContentView.swift */; };
		5031A78D2618BAC9002740ED /* ContentView.swift in Sources */ = {isa = PBXBuildFile; fileRef = 5031A75F2618BAC8002740ED /* ContentView.swift */; };
		5031A78E2618BAC9002740ED /* Persistence.swift in Sources */ = {isa = PBXBuildFile; fileRef = 5031A7602618BAC8002740ED /* Persistence.swift */; };
		5031A78F2618BAC9002740ED /* Persistence.swift in Sources */ = {isa = PBXBuildFile; fileRef = 5031A7602618BAC8002740ED /* Persistence.swift */; };
		5031A7902618BAC9002740ED /* Assets.xcassets in Resources */ = {isa = PBXBuildFile; fileRef = 5031A7612618BAC8002740ED /* Assets.xcassets */; };
		5031A7912618BAC9002740ED /* Assets.xcassets in Resources */ = {isa = PBXBuildFile; fileRef = 5031A7612618BAC8002740ED /* Assets.xcassets */; };
		5031A7A72618BB13002740ED /* CloudKit.framework in Frameworks */ = {isa = PBXBuildFile; fileRef = 5031A7A62618BB13002740ED /* CloudKit.framework */; };
		507DA07D261911E2000557B8 /* CloudKit.framework in Frameworks */ = {isa = PBXBuildFile; fileRef = 507DA07C261911E2000557B8 /* CloudKit.framework */; };
		50D9BC00261A56F800720520 /* ETransaction+CoreDataClass.swift in Sources */ = {isa = PBXBuildFile; fileRef = 50D9BBFE261A56F800720520 /* ETransaction+CoreDataClass.swift */; };
		50D9BC01261A56F800720520 /* ETransaction+CoreDataClass.swift in Sources */ = {isa = PBXBuildFile; fileRef = 50D9BBFE261A56F800720520 /* ETransaction+CoreDataClass.swift */; };
		50FA538C2619FF60005C21A8 /* Sidebar.swift in Sources */ = {isa = PBXBuildFile; fileRef = 50FA538B2619FF60005C21A8 /* Sidebar.swift */; };
		50FA5392261A0023005C21A8 /* SidebarItem.swift in Sources */ = {isa = PBXBuildFile; fileRef = 50FA5391261A0023005C21A8 /* SidebarItem.swift */; };
		50FA539B261A111C005C21A8 /* Sidebar.swift in Sources */ = {isa = PBXBuildFile; fileRef = 50FA538B2619FF60005C21A8 /* Sidebar.swift */; };
		50FA53A0261A1120005C21A8 /* SidebarItem.swift in Sources */ = {isa = PBXBuildFile; fileRef = 50FA5391261A0023005C21A8 /* SidebarItem.swift */; };
		50FA53A6261A198C005C21A8 /* TransactionsView.swift in Sources */ = {isa = PBXBuildFile; fileRef = 50FA53A5261A198C005C21A8 /* TransactionsView.swift */; };
		50FA53A7261A198C005C21A8 /* TransactionsView.swift in Sources */ = {isa = PBXBuildFile; fileRef = 50FA53A5261A198C005C21A8 /* TransactionsView.swift */; };
		B3339D60262FC51C00D47857 /* DashboardView.swift in Sources */ = {isa = PBXBuildFile; fileRef = B3339D5F262FC51C00D47857 /* DashboardView.swift */; };
		B3339D61262FC51C00D47857 /* DashboardView.swift in Sources */ = {isa = PBXBuildFile; fileRef = B3339D5F262FC51C00D47857 /* DashboardView.swift */; };
		B3339D6B262FC56200D47857 /* AccountsView.swift in Sources */ = {isa = PBXBuildFile; fileRef = B3339D6A262FC56200D47857 /* AccountsView.swift */; };
		B3339D6C262FC56200D47857 /* AccountsView.swift in Sources */ = {isa = PBXBuildFile; fileRef = B3339D6A262FC56200D47857 /* AccountsView.swift */; };
		B38D95BA2628652000C57AC3 /* TransactionDetailView.swift in Sources */ = {isa = PBXBuildFile; fileRef = B38D95B92628652000C57AC3 /* TransactionDetailView.swift */; };
		B38D95BB2628652000C57AC3 /* TransactionDetailView.swift in Sources */ = {isa = PBXBuildFile; fileRef = B38D95B92628652000C57AC3 /* TransactionDetailView.swift */; };
		B3E5B26E263A5E3600428C78 /* TransactionEditView.swift in Sources */ = {isa = PBXBuildFile; fileRef = B3E5B26D263A5E3600428C78 /* TransactionEditView.swift */; };
		B3E5B26F263A5E3600428C78 /* TransactionEditView.swift in Sources */ = {isa = PBXBuildFile; fileRef = B3E5B26D263A5E3600428C78 /* TransactionEditView.swift */; };
/* End PBXBuildFile section */

/* Begin PBXContainerItemProxy section */
		5031A7772618BAC9002740ED /* PBXContainerItemProxy */ = {
			isa = PBXContainerItemProxy;
			containerPortal = 5031A7572618BAC8002740ED /* Project object */;
			proxyType = 1;
			remoteGlobalIDString = 5031A7652618BAC9002740ED;
			remoteInfo = "Expendio (iOS)";
		};
		5031A7822618BAC9002740ED /* PBXContainerItemProxy */ = {
			isa = PBXContainerItemProxy;
			containerPortal = 5031A7572618BAC8002740ED /* Project object */;
			proxyType = 1;
			remoteGlobalIDString = 5031A76D2618BAC9002740ED;
			remoteInfo = "Expendio (macOS)";
		};
/* End PBXContainerItemProxy section */

/* Begin PBXFileReference section */
		5031A75D2618BAC8002740ED /* Shared.xcdatamodel */ = {isa = PBXFileReference; lastKnownFileType = wrapper.xcdatamodel; path = Shared.xcdatamodel; sourceTree = "<group>"; };
		5031A75E2618BAC8002740ED /* ExpendioApp.swift */ = {isa = PBXFileReference; lastKnownFileType = sourcecode.swift; path = ExpendioApp.swift; sourceTree = "<group>"; };
		5031A75F2618BAC8002740ED /* ContentView.swift */ = {isa = PBXFileReference; lastKnownFileType = sourcecode.swift; path = ContentView.swift; sourceTree = "<group>"; };
		5031A7602618BAC8002740ED /* Persistence.swift */ = {isa = PBXFileReference; lastKnownFileType = sourcecode.swift; path = Persistence.swift; sourceTree = "<group>"; };
		5031A7612618BAC8002740ED /* Assets.xcassets */ = {isa = PBXFileReference; lastKnownFileType = folder.assetcatalog; path = Assets.xcassets; sourceTree = "<group>"; };
		5031A7662618BAC9002740ED /* Gasto.app */ = {isa = PBXFileReference; explicitFileType = wrapper.application; includeInIndex = 0; path = Gasto.app; sourceTree = BUILT_PRODUCTS_DIR; };
		5031A7692618BAC9002740ED /* Info.plist */ = {isa = PBXFileReference; lastKnownFileType = text.plist.xml; path = Info.plist; sourceTree = "<group>"; };
		5031A76E2618BAC9002740ED /* Gasto.app */ = {isa = PBXFileReference; explicitFileType = wrapper.application; includeInIndex = 0; path = Gasto.app; sourceTree = BUILT_PRODUCTS_DIR; };
		5031A7702618BAC9002740ED /* Info.plist */ = {isa = PBXFileReference; lastKnownFileType = text.plist.xml; path = Info.plist; sourceTree = "<group>"; };
		5031A7712618BAC9002740ED /* macOS.entitlements */ = {isa = PBXFileReference; lastKnownFileType = text.plist.entitlements; path = macOS.entitlements; sourceTree = "<group>"; };
		5031A7762618BAC9002740ED /* Tests iOS.xctest */ = {isa = PBXFileReference; explicitFileType = wrapper.cfbundle; includeInIndex = 0; path = "Tests iOS.xctest"; sourceTree = BUILT_PRODUCTS_DIR; };
		5031A77A2618BAC9002740ED /* Tests_iOS.swift */ = {isa = PBXFileReference; lastKnownFileType = sourcecode.swift; path = Tests_iOS.swift; sourceTree = "<group>"; };
		5031A77C2618BAC9002740ED /* Info.plist */ = {isa = PBXFileReference; lastKnownFileType = text.plist.xml; path = Info.plist; sourceTree = "<group>"; };
		5031A7812618BAC9002740ED /* Tests macOS.xctest */ = {isa = PBXFileReference; explicitFileType = wrapper.cfbundle; includeInIndex = 0; path = "Tests macOS.xctest"; sourceTree = BUILT_PRODUCTS_DIR; };
		5031A7852618BAC9002740ED /* Tests_macOS.swift */ = {isa = PBXFileReference; lastKnownFileType = sourcecode.swift; path = Tests_macOS.swift; sourceTree = "<group>"; };
		5031A7872618BAC9002740ED /* Info.plist */ = {isa = PBXFileReference; lastKnownFileType = text.plist.xml; path = Info.plist; sourceTree = "<group>"; };
		5031A7A42618BB0B002740ED /* Gasto.entitlements */ = {isa = PBXFileReference; lastKnownFileType = text.plist.entitlements; path = Gasto.entitlements; sourceTree = "<group>"; };
		5031A7A62618BB13002740ED /* CloudKit.framework */ = {isa = PBXFileReference; lastKnownFileType = wrapper.framework; name = CloudKit.framework; path = Platforms/iPhoneOS.platform/Developer/SDKs/iPhoneOS14.4.sdk/System/Library/Frameworks/CloudKit.framework; sourceTree = DEVELOPER_DIR; };
		507DA07C261911E2000557B8 /* CloudKit.framework */ = {isa = PBXFileReference; lastKnownFileType = wrapper.framework; name = CloudKit.framework; path = System/Library/Frameworks/CloudKit.framework; sourceTree = SDKROOT; };
		50D9BBFE261A56F800720520 /* ETransaction+CoreDataClass.swift */ = {isa = PBXFileReference; lastKnownFileType = sourcecode.swift; path = "ETransaction+CoreDataClass.swift"; sourceTree = "<group>"; };
		50FA538B2619FF60005C21A8 /* Sidebar.swift */ = {isa = PBXFileReference; lastKnownFileType = sourcecode.swift; path = Sidebar.swift; sourceTree = "<group>"; };
		50FA5391261A0023005C21A8 /* SidebarItem.swift */ = {isa = PBXFileReference; lastKnownFileType = sourcecode.swift; path = SidebarItem.swift; sourceTree = "<group>"; };
		50FA53A5261A198C005C21A8 /* TransactionsView.swift */ = {isa = PBXFileReference; lastKnownFileType = sourcecode.swift; path = TransactionsView.swift; sourceTree = "<group>"; };
		B3339D5F262FC51C00D47857 /* DashboardView.swift */ = {isa = PBXFileReference; lastKnownFileType = sourcecode.swift; path = DashboardView.swift; sourceTree = "<group>"; };
		B3339D6A262FC56200D47857 /* AccountsView.swift */ = {isa = PBXFileReference; lastKnownFileType = sourcecode.swift; path = AccountsView.swift; sourceTree = "<group>"; };
		B38D95B92628652000C57AC3 /* TransactionDetailView.swift */ = {isa = PBXFileReference; lastKnownFileType = sourcecode.swift; path = TransactionDetailView.swift; sourceTree = "<group>"; };
		B3E5B26D263A5E3600428C78 /* TransactionEditView.swift */ = {isa = PBXFileReference; lastKnownFileType = sourcecode.swift; path = TransactionEditView.swift; sourceTree = "<group>"; };
/* End PBXFileReference section */

/* Begin PBXFrameworksBuildPhase section */
		5031A7632618BAC9002740ED /* Frameworks */ = {
			isa = PBXFrameworksBuildPhase;
			buildActionMask = 2147483647;
			files = (
				5031A7A72618BB13002740ED /* CloudKit.framework in Frameworks */,
			);
			runOnlyForDeploymentPostprocessing = 0;
		};
		5031A76B2618BAC9002740ED /* Frameworks */ = {
			isa = PBXFrameworksBuildPhase;
			buildActionMask = 2147483647;
			files = (
				507DA07D261911E2000557B8 /* CloudKit.framework in Frameworks */,
			);
			runOnlyForDeploymentPostprocessing = 0;
		};
		5031A7732618BAC9002740ED /* Frameworks */ = {
			isa = PBXFrameworksBuildPhase;
			buildActionMask = 2147483647;
			files = (
			);
			runOnlyForDeploymentPostprocessing = 0;
		};
		5031A77E2618BAC9002740ED /* Frameworks */ = {
			isa = PBXFrameworksBuildPhase;
			buildActionMask = 2147483647;
			files = (
			);
			runOnlyForDeploymentPostprocessing = 0;
		};
/* End PBXFrameworksBuildPhase section */

/* Begin PBXGroup section */
		5031A7562618BAC8002740ED = {
			isa = PBXGroup;
			children = (
				5031A7A42618BB0B002740ED /* Gasto.entitlements */,
				5031A75B2618BAC8002740ED /* Shared */,
				5031A7682618BAC9002740ED /* iOS */,
				5031A76F2618BAC9002740ED /* macOS */,
				5031A7792618BAC9002740ED /* Tests iOS */,
				5031A7842618BAC9002740ED /* Tests macOS */,
				5031A7672618BAC9002740ED /* Products */,
				5031A7A52618BB13002740ED /* Frameworks */,
			);
			sourceTree = "<group>";
		};
		5031A75B2618BAC8002740ED /* Shared */ = {
			isa = PBXGroup;
			children = (
				50D9BC08261A56FE00720520 /* Data */,
				50FA538A2619FF2F005C21A8 /* Components */,
				5031A75E2618BAC8002740ED /* ExpendioApp.swift */,
				5031A75F2618BAC8002740ED /* ContentView.swift */,
				5031A7602618BAC8002740ED /* Persistence.swift */,
				5031A7612618BAC8002740ED /* Assets.xcassets */,
				5031A75C2618BAC8002740ED /* Expendio.xcdatamodeld */,
				50FA53A5261A198C005C21A8 /* TransactionsView.swift */,
				B38D95B92628652000C57AC3 /* TransactionDetailView.swift */,
				B3E5B26D263A5E3600428C78 /* TransactionEditView.swift */,
				B3339D5F262FC51C00D47857 /* DashboardView.swift */,
				B3339D6A262FC56200D47857 /* AccountsView.swift */,
			);
			path = Shared;
			sourceTree = "<group>";
		};
		5031A7672618BAC9002740ED /* Products */ = {
			isa = PBXGroup;
			children = (
				5031A7662618BAC9002740ED /* Gasto.app */,
				5031A76E2618BAC9002740ED /* Gasto.app */,
				5031A7762618BAC9002740ED /* Tests iOS.xctest */,
				5031A7812618BAC9002740ED /* Tests macOS.xctest */,
			);
			name = Products;
			sourceTree = "<group>";
		};
		5031A7682618BAC9002740ED /* iOS */ = {
			isa = PBXGroup;
			children = (
				5031A7692618BAC9002740ED /* Info.plist */,
			);
			path = iOS;
			sourceTree = "<group>";
		};
		5031A76F2618BAC9002740ED /* macOS */ = {
			isa = PBXGroup;
			children = (
				5031A7702618BAC9002740ED /* Info.plist */,
				5031A7712618BAC9002740ED /* macOS.entitlements */,
			);
			path = macOS;
			sourceTree = "<group>";
		};
		5031A7792618BAC9002740ED /* Tests iOS */ = {
			isa = PBXGroup;
			children = (
				5031A77A2618BAC9002740ED /* Tests_iOS.swift */,
				5031A77C2618BAC9002740ED /* Info.plist */,
			);
			path = "Tests iOS";
			sourceTree = "<group>";
		};
		5031A7842618BAC9002740ED /* Tests macOS */ = {
			isa = PBXGroup;
			children = (
				5031A7852618BAC9002740ED /* Tests_macOS.swift */,
				5031A7872618BAC9002740ED /* Info.plist */,
			);
			path = "Tests macOS";
			sourceTree = "<group>";
		};
		5031A7A52618BB13002740ED /* Frameworks */ = {
			isa = PBXGroup;
			children = (
				507DA07C261911E2000557B8 /* CloudKit.framework */,
				5031A7A62618BB13002740ED /* CloudKit.framework */,
			);
			name = Frameworks;
			sourceTree = "<group>";
		};
		50D9BC08261A56FE00720520 /* Data */ = {
			isa = PBXGroup;
			children = (
				50D9BBFE261A56F800720520 /* ETransaction+CoreDataClass.swift */,
			);
			path = Data;
			sourceTree = "<group>";
		};
		50FA538A2619FF2F005C21A8 /* Components */ = {
			isa = PBXGroup;
			children = (
				50FA538B2619FF60005C21A8 /* Sidebar.swift */,
				50FA5391261A0023005C21A8 /* SidebarItem.swift */,
			);
			path = Components;
			sourceTree = "<group>";
		};
/* End PBXGroup section */

/* Begin PBXNativeTarget section */
		5031A7652618BAC9002740ED /* Gasto (iOS) */ = {
			isa = PBXNativeTarget;
			buildConfigurationList = 5031A7942618BAC9002740ED /* Build configuration list for PBXNativeTarget "Gasto (iOS)" */;
			buildPhases = (
				5031A7622618BAC9002740ED /* Sources */,
				5031A7632618BAC9002740ED /* Frameworks */,
				5031A7642618BAC9002740ED /* Resources */,
			);
			buildRules = (
			);
			dependencies = (
			);
			name = "Gasto (iOS)";
			productName = "Expendio (iOS)";
			productReference = 5031A7662618BAC9002740ED /* Gasto.app */;
			productType = "com.apple.product-type.application";
		};
		5031A76D2618BAC9002740ED /* Gasto (macOS) */ = {
			isa = PBXNativeTarget;
			buildConfigurationList = 5031A7972618BAC9002740ED /* Build configuration list for PBXNativeTarget "Gasto (macOS)" */;
			buildPhases = (
				5031A76A2618BAC9002740ED /* Sources */,
				5031A76B2618BAC9002740ED /* Frameworks */,
				5031A76C2618BAC9002740ED /* Resources */,
			);
			buildRules = (
			);
			dependencies = (
			);
			name = "Gasto (macOS)";
			productName = "Expendio (macOS)";
			productReference = 5031A76E2618BAC9002740ED /* Gasto.app */;
			productType = "com.apple.product-type.application";
		};
		5031A7752618BAC9002740ED /* Tests iOS */ = {
			isa = PBXNativeTarget;
			buildConfigurationList = 5031A79A2618BAC9002740ED /* Build configuration list for PBXNativeTarget "Tests iOS" */;
			buildPhases = (
				5031A7722618BAC9002740ED /* Sources */,
				5031A7732618BAC9002740ED /* Frameworks */,
				5031A7742618BAC9002740ED /* Resources */,
			);
			buildRules = (
			);
			dependencies = (
				5031A7782618BAC9002740ED /* PBXTargetDependency */,
			);
			name = "Tests iOS";
			productName = "Tests iOS";
			productReference = 5031A7762618BAC9002740ED /* Tests iOS.xctest */;
			productType = "com.apple.product-type.bundle.ui-testing";
		};
		5031A7802618BAC9002740ED /* Tests macOS */ = {
			isa = PBXNativeTarget;
			buildConfigurationList = 5031A79D2618BAC9002740ED /* Build configuration list for PBXNativeTarget "Tests macOS" */;
			buildPhases = (
				5031A77D2618BAC9002740ED /* Sources */,
				5031A77E2618BAC9002740ED /* Frameworks */,
				5031A77F2618BAC9002740ED /* Resources */,
			);
			buildRules = (
			);
			dependencies = (
				5031A7832618BAC9002740ED /* PBXTargetDependency */,
			);
			name = "Tests macOS";
			productName = "Tests macOS";
			productReference = 5031A7812618BAC9002740ED /* Tests macOS.xctest */;
			productType = "com.apple.product-type.bundle.ui-testing";
		};
/* End PBXNativeTarget section */

/* Begin PBXProject section */
		5031A7572618BAC8002740ED /* Project object */ = {
			isa = PBXProject;
			attributes = {
				LastSwiftUpdateCheck = 1240;
				LastUpgradeCheck = 1250;
				TargetAttributes = {
					5031A7652618BAC9002740ED = {
						CreatedOnToolsVersion = 12.4;
					};
					5031A76D2618BAC9002740ED = {
						CreatedOnToolsVersion = 12.4;
					};
					5031A7752618BAC9002740ED = {
						CreatedOnToolsVersion = 12.4;
						TestTargetID = 5031A7652618BAC9002740ED;
					};
					5031A7802618BAC9002740ED = {
						CreatedOnToolsVersion = 12.4;
						TestTargetID = 5031A76D2618BAC9002740ED;
					};
				};
			};
			buildConfigurationList = 5031A75A2618BAC8002740ED /* Build configuration list for PBXProject "Gasto" */;
			compatibilityVersion = "Xcode 9.3";
			developmentRegion = en;
			hasScannedForEncodings = 0;
			knownRegions = (
				en,
				Base,
			);
			mainGroup = 5031A7562618BAC8002740ED;
			productRefGroup = 5031A7672618BAC9002740ED /* Products */;
			projectDirPath = "";
			projectRoot = "";
			targets = (
				5031A7652618BAC9002740ED /* Gasto (iOS) */,
				5031A76D2618BAC9002740ED /* Gasto (macOS) */,
				5031A7752618BAC9002740ED /* Tests iOS */,
				5031A7802618BAC9002740ED /* Tests macOS */,
			);
		};
/* End PBXProject section */

/* Begin PBXResourcesBuildPhase section */
		5031A7642618BAC9002740ED /* Resources */ = {
			isa = PBXResourcesBuildPhase;
			buildActionMask = 2147483647;
			files = (
				5031A7902618BAC9002740ED /* Assets.xcassets in Resources */,
			);
			runOnlyForDeploymentPostprocessing = 0;
		};
		5031A76C2618BAC9002740ED /* Resources */ = {
			isa = PBXResourcesBuildPhase;
			buildActionMask = 2147483647;
			files = (
				5031A7912618BAC9002740ED /* Assets.xcassets in Resources */,
			);
			runOnlyForDeploymentPostprocessing = 0;
		};
		5031A7742618BAC9002740ED /* Resources */ = {
			isa = PBXResourcesBuildPhase;
			buildActionMask = 2147483647;
			files = (
			);
			runOnlyForDeploymentPostprocessing = 0;
		};
		5031A77F2618BAC9002740ED /* Resources */ = {
			isa = PBXResourcesBuildPhase;
			buildActionMask = 2147483647;
			files = (
			);
			runOnlyForDeploymentPostprocessing = 0;
		};
/* End PBXResourcesBuildPhase section */

/* Begin PBXSourcesBuildPhase section */
		5031A7622618BAC9002740ED /* Sources */ = {
			isa = PBXSourcesBuildPhase;
			buildActionMask = 2147483647;
			files = (
				50FA538C2619FF60005C21A8 /* Sidebar.swift in Sources */,
				5031A7882618BAC9002740ED /* Expendio.xcdatamodeld in Sources */,
				B3339D60262FC51C00D47857 /* DashboardView.swift in Sources */,
				5031A78E2618BAC9002740ED /* Persistence.swift in Sources */,
				B38D95BA2628652000C57AC3 /* TransactionDetailView.swift in Sources */,
				50FA5392261A0023005C21A8 /* SidebarItem.swift in Sources */,
				50D9BC00261A56F800720520 /* ETransaction+CoreDataClass.swift in Sources */,
				B3339D6B262FC56200D47857 /* AccountsView.swift in Sources */,
				5031A78A2618BAC9002740ED /* ExpendioApp.swift in Sources */,
				5031A78C2618BAC9002740ED /* ContentView.swift in Sources */,
				50FA53A6261A198C005C21A8 /* TransactionsView.swift in Sources */,
				B3E5B26E263A5E3600428C78 /* TransactionEditView.swift in Sources */,
			);
			runOnlyForDeploymentPostprocessing = 0;
		};
		5031A76A2618BAC9002740ED /* Sources */ = {
			isa = PBXSourcesBuildPhase;
			buildActionMask = 2147483647;
			files = (
				50FA539B261A111C005C21A8 /* Sidebar.swift in Sources */,
				5031A7892618BAC9002740ED /* Expendio.xcdatamodeld in Sources */,
				B3339D61262FC51C00D47857 /* DashboardView.swift in Sources */,
				5031A78F2618BAC9002740ED /* Persistence.swift in Sources */,
				B38D95BB2628652000C57AC3 /* TransactionDetailView.swift in Sources */,
				50FA53A0261A1120005C21A8 /* SidebarItem.swift in Sources */,
				50D9BC01261A56F800720520 /* ETransaction+CoreDataClass.swift in Sources */,
				B3339D6C262FC56200D47857 /* AccountsView.swift in Sources */,
				5031A78B2618BAC9002740ED /* ExpendioApp.swift in Sources */,
				5031A78D2618BAC9002740ED /* ContentView.swift in Sources */,
				50FA53A7261A198C005C21A8 /* TransactionsView.swift in Sources */,
				B3E5B26F263A5E3600428C78 /* TransactionEditView.swift in Sources */,
			);
			runOnlyForDeploymentPostprocessing = 0;
		};
		5031A7722618BAC9002740ED /* Sources */ = {
			isa = PBXSourcesBuildPhase;
			buildActionMask = 2147483647;
			files = (
				5031A77B2618BAC9002740ED /* Tests_iOS.swift in Sources */,
			);
			runOnlyForDeploymentPostprocessing = 0;
		};
		5031A77D2618BAC9002740ED /* Sources */ = {
			isa = PBXSourcesBuildPhase;
			buildActionMask = 2147483647;
			files = (
				5031A7862618BAC9002740ED /* Tests_macOS.swift in Sources */,
			);
			runOnlyForDeploymentPostprocessing = 0;
		};
/* End PBXSourcesBuildPhase section */

/* Begin PBXTargetDependency section */
		5031A7782618BAC9002740ED /* PBXTargetDependency */ = {
			isa = PBXTargetDependency;
			target = 5031A7652618BAC9002740ED /* Gasto (iOS) */;
			targetProxy = 5031A7772618BAC9002740ED /* PBXContainerItemProxy */;
		};
		5031A7832618BAC9002740ED /* PBXTargetDependency */ = {
			isa = PBXTargetDependency;
			target = 5031A76D2618BAC9002740ED /* Gasto (macOS) */;
			targetProxy = 5031A7822618BAC9002740ED /* PBXContainerItemProxy */;
		};
/* End PBXTargetDependency section */

/* Begin XCBuildConfiguration section */
		5031A7922618BAC9002740ED /* Debug */ = {
			isa = XCBuildConfiguration;
			buildSettings = {
				ALWAYS_SEARCH_USER_PATHS = NO;
				CLANG_ANALYZER_NONNULL = YES;
				CLANG_ANALYZER_NUMBER_OBJECT_CONVERSION = YES_AGGRESSIVE;
				CLANG_CXX_LANGUAGE_STANDARD = "gnu++14";
				CLANG_CXX_LIBRARY = "libc++";
				CLANG_ENABLE_MODULES = YES;
				CLANG_ENABLE_OBJC_ARC = YES;
				CLANG_ENABLE_OBJC_WEAK = YES;
				CLANG_WARN_BLOCK_CAPTURE_AUTORELEASING = YES;
				CLANG_WARN_BOOL_CONVERSION = YES;
				CLANG_WARN_COMMA = YES;
				CLANG_WARN_CONSTANT_CONVERSION = YES;
				CLANG_WARN_DEPRECATED_OBJC_IMPLEMENTATIONS = YES;
				CLANG_WARN_DIRECT_OBJC_ISA_USAGE = YES_ERROR;
				CLANG_WARN_DOCUMENTATION_COMMENTS = YES;
				CLANG_WARN_EMPTY_BODY = YES;
				CLANG_WARN_ENUM_CONVERSION = YES;
				CLANG_WARN_INFINITE_RECURSION = YES;
				CLANG_WARN_INT_CONVERSION = YES;
				CLANG_WARN_NON_LITERAL_NULL_CONVERSION = YES;
				CLANG_WARN_OBJC_IMPLICIT_RETAIN_SELF = YES;
				CLANG_WARN_OBJC_LITERAL_CONVERSION = YES;
				CLANG_WARN_OBJC_ROOT_CLASS = YES_ERROR;
				CLANG_WARN_QUOTED_INCLUDE_IN_FRAMEWORK_HEADER = YES;
				CLANG_WARN_RANGE_LOOP_ANALYSIS = YES;
				CLANG_WARN_STRICT_PROTOTYPES = YES;
				CLANG_WARN_SUSPICIOUS_MOVE = YES;
				CLANG_WARN_UNGUARDED_AVAILABILITY = YES_AGGRESSIVE;
				CLANG_WARN_UNREACHABLE_CODE = YES;
				CLANG_WARN__DUPLICATE_METHOD_MATCH = YES;
				COPY_PHASE_STRIP = NO;
				DEBUG_INFORMATION_FORMAT = dwarf;
				ENABLE_STRICT_OBJC_MSGSEND = YES;
				ENABLE_TESTABILITY = YES;
				GCC_C_LANGUAGE_STANDARD = gnu11;
				GCC_DYNAMIC_NO_PIC = NO;
				GCC_NO_COMMON_BLOCKS = YES;
				GCC_OPTIMIZATION_LEVEL = 0;
				GCC_PREPROCESSOR_DEFINITIONS = (
					"DEBUG=1",
					"$(inherited)",
				);
				GCC_WARN_64_TO_32_BIT_CONVERSION = YES;
				GCC_WARN_ABOUT_RETURN_TYPE = YES_ERROR;
				GCC_WARN_UNDECLARED_SELECTOR = YES;
				GCC_WARN_UNINITIALIZED_AUTOS = YES_AGGRESSIVE;
				GCC_WARN_UNUSED_FUNCTION = YES;
				GCC_WARN_UNUSED_VARIABLE = YES;
				MTL_ENABLE_DEBUG_INFO = INCLUDE_SOURCE;
				MTL_FAST_MATH = YES;
				ONLY_ACTIVE_ARCH = YES;
				SWIFT_ACTIVE_COMPILATION_CONDITIONS = DEBUG;
				SWIFT_OPTIMIZATION_LEVEL = "-Onone";
			};
			name = Debug;
		};
		5031A7932618BAC9002740ED /* Release */ = {
			isa = XCBuildConfiguration;
			buildSettings = {
				ALWAYS_SEARCH_USER_PATHS = NO;
				CLANG_ANALYZER_NONNULL = YES;
				CLANG_ANALYZER_NUMBER_OBJECT_CONVERSION = YES_AGGRESSIVE;
				CLANG_CXX_LANGUAGE_STANDARD = "gnu++14";
				CLANG_CXX_LIBRARY = "libc++";
				CLANG_ENABLE_MODULES = YES;
				CLANG_ENABLE_OBJC_ARC = YES;
				CLANG_ENABLE_OBJC_WEAK = YES;
				CLANG_WARN_BLOCK_CAPTURE_AUTORELEASING = YES;
				CLANG_WARN_BOOL_CONVERSION = YES;
				CLANG_WARN_COMMA = YES;
				CLANG_WARN_CONSTANT_CONVERSION = YES;
				CLANG_WARN_DEPRECATED_OBJC_IMPLEMENTATIONS = YES;
				CLANG_WARN_DIRECT_OBJC_ISA_USAGE = YES_ERROR;
				CLANG_WARN_DOCUMENTATION_COMMENTS = YES;
				CLANG_WARN_EMPTY_BODY = YES;
				CLANG_WARN_ENUM_CONVERSION = YES;
				CLANG_WARN_INFINITE_RECURSION = YES;
				CLANG_WARN_INT_CONVERSION = YES;
				CLANG_WARN_NON_LITERAL_NULL_CONVERSION = YES;
				CLANG_WARN_OBJC_IMPLICIT_RETAIN_SELF = YES;
				CLANG_WARN_OBJC_LITERAL_CONVERSION = YES;
				CLANG_WARN_OBJC_ROOT_CLASS = YES_ERROR;
				CLANG_WARN_QUOTED_INCLUDE_IN_FRAMEWORK_HEADER = YES;
				CLANG_WARN_RANGE_LOOP_ANALYSIS = YES;
				CLANG_WARN_STRICT_PROTOTYPES = YES;
				CLANG_WARN_SUSPICIOUS_MOVE = YES;
				CLANG_WARN_UNGUARDED_AVAILABILITY = YES_AGGRESSIVE;
				CLANG_WARN_UNREACHABLE_CODE = YES;
				CLANG_WARN__DUPLICATE_METHOD_MATCH = YES;
				COPY_PHASE_STRIP = NO;
				DEBUG_INFORMATION_FORMAT = "dwarf-with-dsym";
				ENABLE_NS_ASSERTIONS = NO;
				ENABLE_STRICT_OBJC_MSGSEND = YES;
				GCC_C_LANGUAGE_STANDARD = gnu11;
				GCC_NO_COMMON_BLOCKS = YES;
				GCC_WARN_64_TO_32_BIT_CONVERSION = YES;
				GCC_WARN_ABOUT_RETURN_TYPE = YES_ERROR;
				GCC_WARN_UNDECLARED_SELECTOR = YES;
				GCC_WARN_UNINITIALIZED_AUTOS = YES_AGGRESSIVE;
				GCC_WARN_UNUSED_FUNCTION = YES;
				GCC_WARN_UNUSED_VARIABLE = YES;
				MTL_ENABLE_DEBUG_INFO = NO;
				MTL_FAST_MATH = YES;
				SWIFT_COMPILATION_MODE = wholemodule;
				SWIFT_OPTIMIZATION_LEVEL = "-O";
			};
			name = Release;
		};
		5031A7952618BAC9002740ED /* Debug */ = {
			isa = XCBuildConfiguration;
			buildSettings = {
				ASSETCATALOG_COMPILER_APPICON_NAME = AppIcon;
				ASSETCATALOG_COMPILER_GLOBAL_ACCENT_COLOR_NAME = AccentColor;
				CODE_SIGN_ENTITLEMENTS = Gasto.entitlements;
				CODE_SIGN_IDENTITY = "Apple Development";
				CODE_SIGN_STYLE = Automatic;
				DEVELOPMENT_TEAM = 54ERY2PPTQ;
				ENABLE_PREVIEWS = YES;
				INFOPLIST_FILE = iOS/Info.plist;
				IPHONEOS_DEPLOYMENT_TARGET = 14.0;
				LD_RUNPATH_SEARCH_PATHS = (
					"$(inherited)",
					"@executable_path/Frameworks",
				);
				PRODUCT_BUNDLE_IDENTIFIER = ec.guillermo.gasto;
				PRODUCT_NAME = Gasto;
				PROVISIONING_PROFILE_SPECIFIER = "";
				SDKROOT = iphoneos;
				SWIFT_VERSION = 5.0;
				TARGETED_DEVICE_FAMILY = "1,2";
			};
			name = Debug;
		};
		5031A7962618BAC9002740ED /* Release */ = {
			isa = XCBuildConfiguration;
			buildSettings = {
				ASSETCATALOG_COMPILER_APPICON_NAME = AppIcon;
				ASSETCATALOG_COMPILER_GLOBAL_ACCENT_COLOR_NAME = AccentColor;
				CODE_SIGN_ENTITLEMENTS = Gasto.entitlements;
				CODE_SIGN_IDENTITY = "Apple Development";
				CODE_SIGN_STYLE = Automatic;
				DEVELOPMENT_TEAM = 54ERY2PPTQ;
				ENABLE_PREVIEWS = YES;
				INFOPLIST_FILE = iOS/Info.plist;
				IPHONEOS_DEPLOYMENT_TARGET = 14.0;
				LD_RUNPATH_SEARCH_PATHS = (
					"$(inherited)",
					"@executable_path/Frameworks",
				);
				PRODUCT_BUNDLE_IDENTIFIER = ec.guillermo.gasto;
				PRODUCT_NAME = Gasto;
				PROVISIONING_PROFILE_SPECIFIER = "";
				SDKROOT = iphoneos;
				SWIFT_VERSION = 5.0;
				TARGETED_DEVICE_FAMILY = "1,2";
				VALIDATE_PRODUCT = YES;
			};
			name = Release;
		};
		5031A7982618BAC9002740ED /* Debug */ = {
			isa = XCBuildConfiguration;
			buildSettings = {
				ASSETCATALOG_COMPILER_APPICON_NAME = AppIcon;
				ASSETCATALOG_COMPILER_GLOBAL_ACCENT_COLOR_NAME = AccentColor;
				CODE_SIGN_ENTITLEMENTS = macOS/macOS.entitlements;
				CODE_SIGN_IDENTITY = "Apple Development";
				CODE_SIGN_STYLE = Automatic;
				COMBINE_HIDPI_IMAGES = YES;
				DEVELOPMENT_TEAM = 54ERY2PPTQ;
				ENABLE_HARDENED_RUNTIME = YES;
				ENABLE_PREVIEWS = YES;
				INFOPLIST_FILE = macOS/Info.plist;
				LD_RUNPATH_SEARCH_PATHS = (
					"$(inherited)",
					"@executable_path/../Frameworks",
				);
				MACOSX_DEPLOYMENT_TARGET = 11.0;
				PRODUCT_BUNDLE_IDENTIFIER = ec.guillermo.gasto;
				PRODUCT_NAME = Gasto;
				SDKROOT = macosx;
				SWIFT_VERSION = 5.0;
			};
			name = Debug;
		};
		5031A7992618BAC9002740ED /* Release */ = {
			isa = XCBuildConfiguration;
			buildSettings = {
				ASSETCATALOG_COMPILER_APPICON_NAME = AppIcon;
				ASSETCATALOG_COMPILER_GLOBAL_ACCENT_COLOR_NAME = AccentColor;
				CODE_SIGN_ENTITLEMENTS = macOS/macOS.entitlements;
				CODE_SIGN_IDENTITY = "Apple Development";
				CODE_SIGN_STYLE = Automatic;
				COMBINE_HIDPI_IMAGES = YES;
				DEVELOPMENT_TEAM = 54ERY2PPTQ;
				ENABLE_HARDENED_RUNTIME = YES;
				ENABLE_PREVIEWS = YES;
				INFOPLIST_FILE = macOS/Info.plist;
				LD_RUNPATH_SEARCH_PATHS = (
					"$(inherited)",
					"@executable_path/../Frameworks",
				);
				MACOSX_DEPLOYMENT_TARGET = 11.0;
				PRODUCT_BUNDLE_IDENTIFIER = ec.guillermo.gasto;
				PRODUCT_NAME = Gasto;
				SDKROOT = macosx;
				SWIFT_VERSION = 5.0;
			};
			name = Release;
		};
		5031A79B2618BAC9002740ED /* Debug */ = {
			isa = XCBuildConfiguration;
			buildSettings = {
				ALWAYS_EMBED_SWIFT_STANDARD_LIBRARIES = YES;
				CODE_SIGN_STYLE = Automatic;
				DEVELOPMENT_TEAM = 54ERY2PPTQ;
				INFOPLIST_FILE = "Tests iOS/Info.plist";
				IPHONEOS_DEPLOYMENT_TARGET = 14.4;
				LD_RUNPATH_SEARCH_PATHS = (
					"$(inherited)",
					"@executable_path/Frameworks",
					"@loader_path/Frameworks",
				);
				PRODUCT_BUNDLE_IDENTIFIER = "ec.guillermo.Tests-iOS";
				PRODUCT_NAME = "$(TARGET_NAME)";
				SDKROOT = iphoneos;
				SWIFT_VERSION = 5.0;
				TARGETED_DEVICE_FAMILY = "1,2";
				TEST_TARGET_NAME = "Expendio (iOS)";
			};
			name = Debug;
		};
		5031A79C2618BAC9002740ED /* Release */ = {
			isa = XCBuildConfiguration;
			buildSettings = {
				ALWAYS_EMBED_SWIFT_STANDARD_LIBRARIES = YES;
				CODE_SIGN_STYLE = Automatic;
				DEVELOPMENT_TEAM = 54ERY2PPTQ;
				INFOPLIST_FILE = "Tests iOS/Info.plist";
				IPHONEOS_DEPLOYMENT_TARGET = 14.4;
				LD_RUNPATH_SEARCH_PATHS = (
					"$(inherited)",
					"@executable_path/Frameworks",
					"@loader_path/Frameworks",
				);
				PRODUCT_BUNDLE_IDENTIFIER = "ec.guillermo.Tests-iOS";
				PRODUCT_NAME = "$(TARGET_NAME)";
				SDKROOT = iphoneos;
				SWIFT_VERSION = 5.0;
				TARGETED_DEVICE_FAMILY = "1,2";
				TEST_TARGET_NAME = "Expendio (iOS)";
				VALIDATE_PRODUCT = YES;
			};
			name = Release;
		};
		5031A79E2618BAC9002740ED /* Debug */ = {
			isa = XCBuildConfiguration;
			buildSettings = {
				ALWAYS_EMBED_SWIFT_STANDARD_LIBRARIES = YES;
				CODE_SIGN_STYLE = Automatic;
				COMBINE_HIDPI_IMAGES = YES;
				DEVELOPMENT_TEAM = 54ERY2PPTQ;
				INFOPLIST_FILE = "Tests macOS/Info.plist";
				LD_RUNPATH_SEARCH_PATHS = (
					"$(inherited)",
					"@executable_path/../Frameworks",
					"@loader_path/../Frameworks",
				);
				MACOSX_DEPLOYMENT_TARGET = 11.1;
				PRODUCT_BUNDLE_IDENTIFIER = "ec.guillermo.Tests-macOS";
				PRODUCT_NAME = "$(TARGET_NAME)";
				SDKROOT = macosx;
				SWIFT_VERSION = 5.0;
				TEST_TARGET_NAME = "Expendio (macOS)";
			};
			name = Debug;
		};
		5031A79F2618BAC9002740ED /* Release */ = {
			isa = XCBuildConfiguration;
			buildSettings = {
				ALWAYS_EMBED_SWIFT_STANDARD_LIBRARIES = YES;
				CODE_SIGN_STYLE = Automatic;
				COMBINE_HIDPI_IMAGES = YES;
				DEVELOPMENT_TEAM = 54ERY2PPTQ;
				INFOPLIST_FILE = "Tests macOS/Info.plist";
				LD_RUNPATH_SEARCH_PATHS = (
					"$(inherited)",
					"@executable_path/../Frameworks",
					"@loader_path/../Frameworks",
				);
				MACOSX_DEPLOYMENT_TARGET = 11.1;
				PRODUCT_BUNDLE_IDENTIFIER = "ec.guillermo.Tests-macOS";
				PRODUCT_NAME = "$(TARGET_NAME)";
				SDKROOT = macosx;
				SWIFT_VERSION = 5.0;
				TEST_TARGET_NAME = "Expendio (macOS)";
			};
			name = Release;
		};
/* End XCBuildConfiguration section */

/* Begin XCConfigurationList section */
		5031A75A2618BAC8002740ED /* Build configuration list for PBXProject "Gasto" */ = {
			isa = XCConfigurationList;
			buildConfigurations = (
				5031A7922618BAC9002740ED /* Debug */,
				5031A7932618BAC9002740ED /* Release */,
			);
			defaultConfigurationIsVisible = 0;
			defaultConfigurationName = Release;
		};
		5031A7942618BAC9002740ED /* Build configuration list for PBXNativeTarget "Gasto (iOS)" */ = {
			isa = XCConfigurationList;
			buildConfigurations = (
				5031A7952618BAC9002740ED /* Debug */,
				5031A7962618BAC9002740ED /* Release */,
			);
			defaultConfigurationIsVisible = 0;
			defaultConfigurationName = Release;
		};
		5031A7972618BAC9002740ED /* Build configuration list for PBXNativeTarget "Gasto (macOS)" */ = {
			isa = XCConfigurationList;
			buildConfigurations = (
				5031A7982618BAC9002740ED /* Debug */,
				5031A7992618BAC9002740ED /* Release */,
			);
			defaultConfigurationIsVisible = 0;
			defaultConfigurationName = Release;
		};
		5031A79A2618BAC9002740ED /* Build configuration list for PBXNativeTarget "Tests iOS" */ = {
			isa = XCConfigurationList;
			buildConfigurations = (
				5031A79B2618BAC9002740ED /* Debug */,
				5031A79C2618BAC9002740ED /* Release */,
			);
			defaultConfigurationIsVisible = 0;
			defaultConfigurationName = Release;
		};
		5031A79D2618BAC9002740ED /* Build configuration list for PBXNativeTarget "Tests macOS" */ = {
			isa = XCConfigurationList;
			buildConfigurations = (
				5031A79E2618BAC9002740ED /* Debug */,
				5031A79F2618BAC9002740ED /* Release */,
			);
			defaultConfigurationIsVisible = 0;
			defaultConfigurationName = Release;
		};
/* End XCConfigurationList section */

/* Begin XCVersionGroup section */
		5031A75C2618BAC8002740ED /* Expendio.xcdatamodeld */ = {
			isa = XCVersionGroup;
			children = (
				5031A75D2618BAC8002740ED /* Shared.xcdatamodel */,
			);
			currentVersion = 5031A75D2618BAC8002740ED /* Shared.xcdatamodel */;
			path = Expendio.xcdatamodeld;
			sourceTree = "<group>";
			versionGroupType = wrapper.xcdatamodel;
		};
/* End XCVersionGroup section */
	};
	rootObject = 5031A7572618BAC8002740ED /* Project object */;
}
